
Microsoft Visual Studio Solution File, Format Version 12.00
# Visual Studio Version 17
VisualStudioVersion = 17.13.35931.197
MinimumVisualStudioVersion = 10.0.40219.1
Project("{FAE04EC0-301F-11D3-BF4B-00C04F79EFBC}") = "WpfApp2", "WpfApp2\WpfApp2.csproj", "{52401C37-3697-41B6-94BD-9AF328BCB56A}"
EndProject
Project("{FAE04EC0-301F-11D3-BF4B-00C04F79EFBC}") = "WpfCustomControlLibrary1", "WpfCustomControlLibrary1\WpfCustomControlLibrary1.csproj", "{929F187C-B658-4A25-83B4-6941BF519F28}"
EndProject
Global
	GlobalSection(SolutionConfigurationPlatforms) = preSolution
		Debug|Any CPU = Debug|Any CPU
		Release|Any CPU = Release|Any CPU
	EndGlobalSection
	GlobalSection(ProjectConfigurationPlatforms) = postSolution
		{52401C37-3697-41B6-94BD-9AF328BCB56A}.Debug|Any CPU.ActiveCfg = Debug|Any CPU
		{52401C37-3697-41B6-94BD-9AF328BCB56A}.Debug|Any CPU.Build.0 = Debug|Any CPU
		{52401C37-3697-41B6-94BD-9AF328BCB56A}.Release|Any CPU.ActiveCfg = Release|Any CPU
		{52401C37-3697-41B6-94BD-9AF328BCB56A}.Release|Any CPU.Build.0 = Release|Any CPU
		{929F187C-B658-4A25-83B4-6941BF519F28}.Debug|Any CPU.ActiveCfg = Debug|Any CPU
		{929F187C-B658-4A25-83B4-6941BF519F28}.Debug|Any CPU.Build.0 = Debug|Any CPU
		{929F187C-B658-4A25-83B4-6941BF519F28}.Release|Any CPU.ActiveCfg = Release|Any CPU
		{929F187C-B658-4A25-83B4-6941BF519F28}.Release|Any CPU.Build.0 = Release|Any CPU
	EndGlobalSection
	GlobalSection(SolutionProperties) = preSolution
		HideSolutionNode = FALSE
	EndGlobalSection
	GlobalSection(ExtensibilityGlobals) = postSolution
		SolutionGuid = {FA432D56-919E-46D0-A6FF-5C6B63CB52B5}
	EndGlobalSection
EndGlobal
